
Microsoft Visual Studio Solution File, Format Version 12.00
# Visual Studio 2013
VisualStudioVersion = 12.0.31101.0
MinimumVisualStudioVersion = 10.0.40219.1
Project("{F2A71F9B-5D33-465A-A702-920D77279786}") = "Jim", "Jim\Jim.fsproj", "{72FA52A4-85C8-40CC-8053-FB652AC186C3}"
EndProject
Project("{F2A71F9B-5D33-465A-A702-920D77279786}") = "Jim.Tests", "Jim.Tests\Jim.Tests.fsproj", "{101B878F-2542-4091-9361-E990A5EF896D}"
EndProject
Project("{2150E333-8FDC-42A3-9474-1A3956D46DE8}") = "Solution Items", "Solution Items", "{7A5A2FD1-931A-4107-B336-261164689676}"
	ProjectSection(SolutionItems) = preProject
		paket.dependencies = paket.dependencies
		paket.lock = paket.lock
		paket.references = paket.references
	EndProjectSection
EndProject
Project("{F2A71F9B-5D33-465A-A702-920D77279786}") = "MicroCQRS.Common", "MicroCQRS.Common\MicroCQRS.Common.fsproj", "{93E305C0-E643-4073-A36E-8213918DC28C}"
EndProject
Project("{F2A71F9B-5D33-465A-A702-920D77279786}") = "MicroCQRS.Common.Tests", "MicroCQRS.Common.Tests\MicroCQRS.Common.Tests.fsproj", "{5DAA41D2-6A6E-48BF-8C9D-1F64F5F307DF}"
EndProject
Project("{F2A71F9B-5D33-465A-A702-920D77279786}") = "Cats", "Cats\Cats.fsproj", "{12B66EEC-6091-4194-B790-284569C12335}"
EndProject
Project("{F2A71F9B-5D33-465A-A702-920D77279786}") = "Cats.Tests", "Cats.Tests\Cats.Tests.fsproj", "{8153D9B3-5D26-48FA-A548-F7D5DF12DDD0}"
EndProject
Project("{F2A71F9B-5D33-465A-A702-920D77279786}") = "Suave.Extensions", "Suave.Extensions\Suave.Extensions.fsproj", "{384DF817-2D6B-48FF-B9AF-9A96AB3F522B}"
EndProject
Project("{F2A71F9B-5D33-465A-A702-920D77279786}") = "Suave.Extensions.Tests", "Suave.Extensions.Tests\Suave.Extensions.Tests.fsproj", "{D70A0737-7D44-4F38-B2C6-1A7F6D676984}"
EndProject
Project("{F2A71F9B-5D33-465A-A702-920D77279786}") = "MicroCQRS.Common.Testing", "MicroCQRS.Common.Testing\MicroCQRS.Common.Testing.fsproj", "{5FD77A37-8AED-4A7D-8134-6C0AEF0E09B3}"
EndProject
Project("{F2A71F9B-5D33-465A-A702-920D77279786}") = "Pledge", "Pledge\Pledge.fsproj", "{9716778E-C836-48E8-A438-F0AA88179396}"
EndProject
Project("{F2A71F9B-5D33-465A-A702-920D77279786}") = "Pledge.Tests", "Pledge.Tests\Pledge.Tests.fsproj", "{DDA90015-D004-460A-AA88-9F2DCD4464C4}"
EndProject
Global
	GlobalSection(SolutionConfigurationPlatforms) = preSolution
		Debug|Any CPU = Debug|Any CPU
		Release|Any CPU = Release|Any CPU
	EndGlobalSection
	GlobalSection(ProjectConfigurationPlatforms) = postSolution
		{72FA52A4-85C8-40CC-8053-FB652AC186C3}.Debug|Any CPU.ActiveCfg = Debug|Any CPU
		{72FA52A4-85C8-40CC-8053-FB652AC186C3}.Debug|Any CPU.Build.0 = Debug|Any CPU
		{72FA52A4-85C8-40CC-8053-FB652AC186C3}.Release|Any CPU.ActiveCfg = Release|Any CPU
		{72FA52A4-85C8-40CC-8053-FB652AC186C3}.Release|Any CPU.Build.0 = Release|Any CPU
		{101B878F-2542-4091-9361-E990A5EF896D}.Debug|Any CPU.ActiveCfg = Debug|Any CPU
		{101B878F-2542-4091-9361-E990A5EF896D}.Debug|Any CPU.Build.0 = Debug|Any CPU
		{101B878F-2542-4091-9361-E990A5EF896D}.Release|Any CPU.ActiveCfg = Release|Any CPU
		{101B878F-2542-4091-9361-E990A5EF896D}.Release|Any CPU.Build.0 = Release|Any CPU
		{93E305C0-E643-4073-A36E-8213918DC28C}.Debug|Any CPU.ActiveCfg = Debug|Any CPU
		{93E305C0-E643-4073-A36E-8213918DC28C}.Debug|Any CPU.Build.0 = Debug|Any CPU
		{93E305C0-E643-4073-A36E-8213918DC28C}.Release|Any CPU.ActiveCfg = Release|Any CPU
		{93E305C0-E643-4073-A36E-8213918DC28C}.Release|Any CPU.Build.0 = Release|Any CPU
		{5DAA41D2-6A6E-48BF-8C9D-1F64F5F307DF}.Debug|Any CPU.ActiveCfg = Debug|Any CPU
		{5DAA41D2-6A6E-48BF-8C9D-1F64F5F307DF}.Debug|Any CPU.Build.0 = Debug|Any CPU
		{5DAA41D2-6A6E-48BF-8C9D-1F64F5F307DF}.Release|Any CPU.ActiveCfg = Release|Any CPU
		{5DAA41D2-6A6E-48BF-8C9D-1F64F5F307DF}.Release|Any CPU.Build.0 = Release|Any CPU
		{12B66EEC-6091-4194-B790-284569C12335}.Debug|Any CPU.ActiveCfg = Debug|Any CPU
		{12B66EEC-6091-4194-B790-284569C12335}.Debug|Any CPU.Build.0 = Debug|Any CPU
		{12B66EEC-6091-4194-B790-284569C12335}.Release|Any CPU.ActiveCfg = Release|Any CPU
		{12B66EEC-6091-4194-B790-284569C12335}.Release|Any CPU.Build.0 = Release|Any CPU
		{8153D9B3-5D26-48FA-A548-F7D5DF12DDD0}.Debug|Any CPU.ActiveCfg = Debug|Any CPU
		{8153D9B3-5D26-48FA-A548-F7D5DF12DDD0}.Debug|Any CPU.Build.0 = Debug|Any CPU
		{8153D9B3-5D26-48FA-A548-F7D5DF12DDD0}.Release|Any CPU.ActiveCfg = Release|Any CPU
		{8153D9B3-5D26-48FA-A548-F7D5DF12DDD0}.Release|Any CPU.Build.0 = Release|Any CPU
		{384DF817-2D6B-48FF-B9AF-9A96AB3F522B}.Debug|Any CPU.ActiveCfg = Debug|Any CPU
		{384DF817-2D6B-48FF-B9AF-9A96AB3F522B}.Debug|Any CPU.Build.0 = Debug|Any CPU
		{384DF817-2D6B-48FF-B9AF-9A96AB3F522B}.Release|Any CPU.ActiveCfg = Release|Any CPU
		{384DF817-2D6B-48FF-B9AF-9A96AB3F522B}.Release|Any CPU.Build.0 = Release|Any CPU
		{D70A0737-7D44-4F38-B2C6-1A7F6D676984}.Debug|Any CPU.ActiveCfg = Debug|Any CPU
		{D70A0737-7D44-4F38-B2C6-1A7F6D676984}.Debug|Any CPU.Build.0 = Debug|Any CPU
		{D70A0737-7D44-4F38-B2C6-1A7F6D676984}.Release|Any CPU.ActiveCfg = Release|Any CPU
		{D70A0737-7D44-4F38-B2C6-1A7F6D676984}.Release|Any CPU.Build.0 = Release|Any CPU
		{5FD77A37-8AED-4A7D-8134-6C0AEF0E09B3}.Debug|Any CPU.ActiveCfg = Debug|Any CPU
		{5FD77A37-8AED-4A7D-8134-6C0AEF0E09B3}.Debug|Any CPU.Build.0 = Debug|Any CPU
		{5FD77A37-8AED-4A7D-8134-6C0AEF0E09B3}.Release|Any CPU.ActiveCfg = Release|Any CPU
		{5FD77A37-8AED-4A7D-8134-6C0AEF0E09B3}.Release|Any CPU.Build.0 = Release|Any CPU
		{9716778E-C836-48E8-A438-F0AA88179396}.Debug|Any CPU.ActiveCfg = Debug|Any CPU
		{9716778E-C836-48E8-A438-F0AA88179396}.Debug|Any CPU.Build.0 = Debug|Any CPU
		{9716778E-C836-48E8-A438-F0AA88179396}.Release|Any CPU.ActiveCfg = Release|Any CPU
		{9716778E-C836-48E8-A438-F0AA88179396}.Release|Any CPU.Build.0 = Release|Any CPU
		{DDA90015-D004-460A-AA88-9F2DCD4464C4}.Debug|Any CPU.ActiveCfg = Debug|Any CPU
		{DDA90015-D004-460A-AA88-9F2DCD4464C4}.Debug|Any CPU.Build.0 = Debug|Any CPU
		{DDA90015-D004-460A-AA88-9F2DCD4464C4}.Release|Any CPU.ActiveCfg = Release|Any CPU
		{DDA90015-D004-460A-AA88-9F2DCD4464C4}.Release|Any CPU.Build.0 = Release|Any CPU
	EndGlobalSection
	GlobalSection(SolutionProperties) = preSolution
		HideSolutionNode = FALSE
	EndGlobalSection
EndGlobal
