
Microsoft Visual Studio Solution File, Format Version 12.00
# Visual Studio 2013
VisualStudioVersion = 12.0.31101.0
MinimumVisualStudioVersion = 10.0.40219.1
Project("{F2A71F9B-5D33-465A-A702-920D77279786}") = "JimAndCats", "JimAndCats\JimAndCats.fsproj", "{084E6137-F6F7-476B-B742-52D56623D3E0}"
EndProject
Project("{F2A71F9B-5D33-465A-A702-920D77279786}") = "CatsAndPledges", "CatsAndPledges\CatsAndPledges.fsproj", "{5303523D-8216-455D-8202-374E26149ADF}"
EndProject
Project("{F2A71F9B-5D33-465A-A702-920D77279786}") = "MicroCQRS.Common.IntegrationTests", "MicroCQRS.Common.IntegrationTests\MicroCQRS.Common.IntegrationTests.fsproj", "{5DAA41D2-6A6E-48BF-8C9D-1F64F5F307DF}"
EndProject
Global
	GlobalSection(SolutionConfigurationPlatforms) = preSolution
		Debug|Any CPU = Debug|Any CPU
		Release|Any CPU = Release|Any CPU
	EndGlobalSection
	GlobalSection(ProjectConfigurationPlatforms) = postSolution
		{084E6137-F6F7-476B-B742-52D56623D3E0}.Debug|Any CPU.ActiveCfg = Debug|Any CPU
		{084E6137-F6F7-476B-B742-52D56623D3E0}.Debug|Any CPU.Build.0 = Debug|Any CPU
		{084E6137-F6F7-476B-B742-52D56623D3E0}.Release|Any CPU.ActiveCfg = Release|Any CPU
		{084E6137-F6F7-476B-B742-52D56623D3E0}.Release|Any CPU.Build.0 = Release|Any CPU
		{5303523D-8216-455D-8202-374E26149ADF}.Debug|Any CPU.ActiveCfg = Debug|Any CPU
		{5303523D-8216-455D-8202-374E26149ADF}.Debug|Any CPU.Build.0 = Debug|Any CPU
		{5303523D-8216-455D-8202-374E26149ADF}.Release|Any CPU.ActiveCfg = Release|Any CPU
		{5303523D-8216-455D-8202-374E26149ADF}.Release|Any CPU.Build.0 = Release|Any CPU
		{5DAA41D2-6A6E-48BF-8C9D-1F64F5F307DF}.Debug|Any CPU.ActiveCfg = Debug|Any CPU
		{5DAA41D2-6A6E-48BF-8C9D-1F64F5F307DF}.Debug|Any CPU.Build.0 = Debug|Any CPU
		{5DAA41D2-6A6E-48BF-8C9D-1F64F5F307DF}.Release|Any CPU.ActiveCfg = Release|Any CPU
		{5DAA41D2-6A6E-48BF-8C9D-1F64F5F307DF}.Release|Any CPU.Build.0 = Release|Any CPU
	EndGlobalSection
	GlobalSection(SolutionProperties) = preSolution
		HideSolutionNode = FALSE
	EndGlobalSection
EndGlobal
